
Microsoft Visual Studio Solution File, Format Version 12.00
# Visual Studio Version 17
VisualStudioVersion = 17.14.36221.1 d17.14
MinimumVisualStudioVersion = 10.0.40219.1
Project("{FAE04EC0-301F-11D3-BF4B-00C04F79EFBC}") = "AndelsboligRinge", "AndelsboligRinge\AndelsboligRinge.csproj", "{584DCC99-C171-4B80-9245-F6FF0313D6C1}"
EndProject
Global
	GlobalSection(SolutionConfigurationPlatforms) = preSolution
		Debug|Any CPU = Debug|Any CPU
		Release|Any CPU = Release|Any CPU
	EndGlobalSection
	GlobalSection(ProjectConfigurationPlatforms) = postSolution
		{584DCC99-C171-4B80-9245-F6FF0313D6C1}.Debug|Any CPU.ActiveCfg = Debug|Any CPU
		{584DCC99-C171-4B80-9245-F6FF0313D6C1}.Debug|Any CPU.Build.0 = Debug|Any CPU
		{584DCC99-C171-4B80-9245-F6FF0313D6C1}.Release|Any CPU.ActiveCfg = Release|Any CPU
		{584DCC99-C171-4B80-9245-F6FF0313D6C1}.Release|Any CPU.Build.0 = Release|Any CPU
	EndGlobalSection
	GlobalSection(SolutionProperties) = preSolution
		HideSolutionNode = FALSE
	EndGlobalSection
	GlobalSection(ExtensibilityGlobals) = postSolution
		SolutionGuid = {5A14BB63-E4CE-4313-8705-99C840FA3E12}
	EndGlobalSection
EndGlobal
